
Microsoft Visual Studio Solution File, Format Version 11.00
# Visual Studio 2010
# SharpDevelop 5.1
Project("{FAE04EC0-301F-11D3-BF4B-00C04F79EFBC}") = "ProjectOfSixFor14_07", "ProjectOfSixFor14_07\ProjectOfSixFor14_07.csproj", "{1EF16236-A24D-47CC-B7CD-4220BA321163}"
EndProject
Global
	GlobalSection(SolutionConfigurationPlatforms) = preSolution
		Debug|Any CPU = Debug|Any CPU
		Release|Any CPU = Release|Any CPU
	EndGlobalSection
	GlobalSection(ProjectConfigurationPlatforms) = postSolution
		{1EF16236-A24D-47CC-B7CD-4220BA321163}.Debug|Any CPU.ActiveCfg = Debug|Any CPU
		{1EF16236-A24D-47CC-B7CD-4220BA321163}.Debug|Any CPU.Build.0 = Debug|Any CPU
		{1EF16236-A24D-47CC-B7CD-4220BA321163}.Release|Any CPU.ActiveCfg = Release|Any CPU
		{1EF16236-A24D-47CC-B7CD-4220BA321163}.Release|Any CPU.Build.0 = Release|Any CPU
	EndGlobalSection
EndGlobal
